// !$*UTF8*$!
{
	archiveVersion = 1;
	classes = {
	};
	objectVersion = 56;
	objects = {

/* Begin PBXBuildFile section */
		A76180B42AAB927800B4FF27 /* CloudyVisionApp.swift in Sources */ = {isa = PBXBuildFile; fileRef = A76180B32AAB927800B4FF27 /* CloudyVisionApp.swift */; };
		A76180B62AAB927800B4FF27 /* ForecastView.swift in Sources */ = {isa = PBXBuildFile; fileRef = A76180B52AAB927800B4FF27 /* ForecastView.swift */; };
		A76180B82AAB927900B4FF27 /* Assets.xcassets in Resources */ = {isa = PBXBuildFile; fileRef = A76180B72AAB927900B4FF27 /* Assets.xcassets */; };
		A76180C82AABABD600B4FF27 /* ContentView.swift in Sources */ = {isa = PBXBuildFile; fileRef = A76180C72AABABD600B4FF27 /* ContentView.swift */; };
		A76180CD2AABAD5E00B4FF27 /* CVCore in Frameworks */ = {isa = PBXBuildFile; productRef = A76180CC2AABAD5E00B4FF27 /* CVCore */; };
		A76180D02AABAEDE00B4FF27 /* FavoritePlacesView.swift in Sources */ = {isa = PBXBuildFile; fileRef = A76180CF2AABAEDE00B4FF27 /* FavoritePlacesView.swift */; };
		A76180D22AABCC6E00B4FF27 /* Localizable.xcstrings in Resources */ = {isa = PBXBuildFile; fileRef = A76180D12AABCC6E00B4FF27 /* Localizable.xcstrings */; };
/* End PBXBuildFile section */

/* Begin PBXFileReference section */
		A76180AC2AAB927800B4FF27 /* CloudyVision.app */ = {isa = PBXFileReference; explicitFileType = wrapper.application; includeInIndex = 0; path = CloudyVision.app; sourceTree = BUILT_PRODUCTS_DIR; };
		A76180B32AAB927800B4FF27 /* CloudyVisionApp.swift */ = {isa = PBXFileReference; lastKnownFileType = sourcecode.swift; path = CloudyVisionApp.swift; sourceTree = "<group>"; };
		A76180B52AAB927800B4FF27 /* ForecastView.swift */ = {isa = PBXFileReference; lastKnownFileType = sourcecode.swift; path = ForecastView.swift; sourceTree = "<group>"; };
		A76180B72AAB927900B4FF27 /* Assets.xcassets */ = {isa = PBXFileReference; lastKnownFileType = folder.assetcatalog; path = Assets.xcassets; sourceTree = "<group>"; };
		A76180BC2AAB927900B4FF27 /* Info.plist */ = {isa = PBXFileReference; lastKnownFileType = text.plist.xml; path = Info.plist; sourceTree = "<group>"; };
		A76180C72AABABD600B4FF27 /* ContentView.swift */ = {isa = PBXFileReference; lastKnownFileType = sourcecode.swift; path = ContentView.swift; sourceTree = "<group>"; };
		A76180CA2AABACF200B4FF27 /* CVCore */ = {isa = PBXFileReference; lastKnownFileType = wrapper; path = CVCore; sourceTree = "<group>"; };
		A76180CF2AABAEDE00B4FF27 /* FavoritePlacesView.swift */ = {isa = PBXFileReference; lastKnownFileType = sourcecode.swift; path = FavoritePlacesView.swift; sourceTree = "<group>"; };
		A76180D12AABCC6E00B4FF27 /* Localizable.xcstrings */ = {isa = PBXFileReference; lastKnownFileType = text.json.xcstrings; path = Localizable.xcstrings; sourceTree = "<group>"; };
/* End PBXFileReference section */

/* Begin PBXFrameworksBuildPhase section */
		A76180A92AAB927800B4FF27 /* Frameworks */ = {
			isa = PBXFrameworksBuildPhase;
			buildActionMask = 2147483647;
			files = (
				A76180CD2AABAD5E00B4FF27 /* CVCore in Frameworks */,
			);
			runOnlyForDeploymentPostprocessing = 0;
		};
/* End PBXFrameworksBuildPhase section */

/* Begin PBXGroup section */
		A76180A32AAB927800B4FF27 = {
			isa = PBXGroup;
			children = (
				A76180AE2AAB927800B4FF27 /* CloudyVision */,
				A76180CA2AABACF200B4FF27 /* CVCore */,
				A76180AD2AAB927800B4FF27 /* Products */,
				A76180CB2AABAD5900B4FF27 /* Frameworks */,
			);
			sourceTree = "<group>";
		};
		A76180AD2AAB927800B4FF27 /* Products */ = {
			isa = PBXGroup;
			children = (
				A76180AC2AAB927800B4FF27 /* CloudyVision.app */,
			);
			name = Products;
			sourceTree = "<group>";
		};
		A76180AE2AAB927800B4FF27 /* CloudyVision */ = {
			isa = PBXGroup;
			children = (
				A76180B32AAB927800B4FF27 /* CloudyVisionApp.swift */,
				A76180C22AAB929600B4FF27 /* Views */,
				A76180C32AAB929E00B4FF27 /* Components */,
				A76180C52AAB92AF00B4FF27 /* Resources */,
			);
			path = CloudyVision;
			sourceTree = "<group>";
		};
		A76180C22AAB929600B4FF27 /* Views */ = {
			isa = PBXGroup;
			children = (
				A76180C72AABABD600B4FF27 /* ContentView.swift */,
				A76180CE2AABAEC900B4FF27 /* FavoritePlaces */,
				A76180C62AABABC000B4FF27 /* Forecast */,
			);
			path = Views;
			sourceTree = "<group>";
		};
		A76180C32AAB929E00B4FF27 /* Components */ = {
			isa = PBXGroup;
			children = (
			);
			path = Components;
			sourceTree = "<group>";
		};
		A76180C52AAB92AF00B4FF27 /* Resources */ = {
			isa = PBXGroup;
			children = (
				A76180B72AAB927900B4FF27 /* Assets.xcassets */,
				A76180BC2AAB927900B4FF27 /* Info.plist */,
				A76180D12AABCC6E00B4FF27 /* Localizable.xcstrings */,
			);
			path = Resources;
			sourceTree = "<group>";
		};
		A76180C62AABABC000B4FF27 /* Forecast */ = {
			isa = PBXGroup;
			children = (
				A76180B52AAB927800B4FF27 /* ForecastView.swift */,
			);
			path = Forecast;
			sourceTree = "<group>";
		};
		A76180CB2AABAD5900B4FF27 /* Frameworks */ = {
			isa = PBXGroup;
			children = (
			);
			name = Frameworks;
			sourceTree = "<group>";
		};
		A76180CE2AABAEC900B4FF27 /* FavoritePlaces */ = {
			isa = PBXGroup;
			children = (
				A76180CF2AABAEDE00B4FF27 /* FavoritePlacesView.swift */,
			);
			path = FavoritePlaces;
			sourceTree = "<group>";
		};
/* End PBXGroup section */

/* Begin PBXNativeTarget section */
		A76180AB2AAB927800B4FF27 /* CloudyVision */ = {
			isa = PBXNativeTarget;
			buildConfigurationList = A76180BF2AAB927900B4FF27 /* Build configuration list for PBXNativeTarget "CloudyVision" */;
			buildPhases = (
				A76180A82AAB927800B4FF27 /* Sources */,
				A76180A92AAB927800B4FF27 /* Frameworks */,
				A76180AA2AAB927800B4FF27 /* Resources */,
			);
			buildRules = (
			);
			dependencies = (
			);
			name = CloudyVision;
			packageProductDependencies = (
				A76180CC2AABAD5E00B4FF27 /* CVCore */,
			);
			productName = CloudyVision;
			productReference = A76180AC2AAB927800B4FF27 /* CloudyVision.app */;
			productType = "com.apple.product-type.application";
		};
/* End PBXNativeTarget section */

/* Begin PBXProject section */
		A76180A42AAB927800B4FF27 /* Project object */ = {
			isa = PBXProject;
			attributes = {
				BuildIndependentTargetsInParallel = 1;
				LastSwiftUpdateCheck = 1500;
				LastUpgradeCheck = 1500;
				TargetAttributes = {
					A76180AB2AAB927800B4FF27 = {
						CreatedOnToolsVersion = 15.0;
					};
				};
			};
			buildConfigurationList = A76180A72AAB927800B4FF27 /* Build configuration list for PBXProject "CloudyVision" */;
			compatibilityVersion = "Xcode 14.0";
			developmentRegion = en;
			hasScannedForEncodings = 0;
			knownRegions = (
				en,
				Base,
				fr,
			);
			mainGroup = A76180A32AAB927800B4FF27;
			productRefGroup = A76180AD2AAB927800B4FF27 /* Products */;
			projectDirPath = "";
			projectRoot = "";
			targets = (
				A76180AB2AAB927800B4FF27 /* CloudyVision */,
			);
		};
/* End PBXProject section */

/* Begin PBXResourcesBuildPhase section */
		A76180AA2AAB927800B4FF27 /* Resources */ = {
			isa = PBXResourcesBuildPhase;
			buildActionMask = 2147483647;
			files = (
				A76180D22AABCC6E00B4FF27 /* Localizable.xcstrings in Resources */,
				A76180B82AAB927900B4FF27 /* Assets.xcassets in Resources */,
			);
			runOnlyForDeploymentPostprocessing = 0;
		};
/* End PBXResourcesBuildPhase section */

/* Begin PBXSourcesBuildPhase section */
		A76180A82AAB927800B4FF27 /* Sources */ = {
			isa = PBXSourcesBuildPhase;
			buildActionMask = 2147483647;
			files = (
				A76180B62AAB927800B4FF27 /* ForecastView.swift in Sources */,
				A76180B42AAB927800B4FF27 /* CloudyVisionApp.swift in Sources */,
				A76180D02AABAEDE00B4FF27 /* FavoritePlacesView.swift in Sources */,
				A76180C82AABABD600B4FF27 /* ContentView.swift in Sources */,
			);
			runOnlyForDeploymentPostprocessing = 0;
		};
/* End PBXSourcesBuildPhase section */

/* Begin XCBuildConfiguration section */
		A76180BD2AAB927900B4FF27 /* Debug */ = {
			isa = XCBuildConfiguration;
			buildSettings = {
				ALWAYS_SEARCH_USER_PATHS = NO;
				ASSETCATALOG_COMPILER_GENERATE_SWIFT_ASSET_SYMBOL_EXTENSIONS = YES;
				CLANG_ANALYZER_NONNULL = YES;
				CLANG_ANALYZER_NUMBER_OBJECT_CONVERSION = YES_AGGRESSIVE;
				CLANG_CXX_LANGUAGE_STANDARD = "gnu++20";
				CLANG_ENABLE_MODULES = YES;
				CLANG_ENABLE_OBJC_ARC = YES;
				CLANG_ENABLE_OBJC_WEAK = YES;
				CLANG_WARN_BLOCK_CAPTURE_AUTORELEASING = YES;
				CLANG_WARN_BOOL_CONVERSION = YES;
				CLANG_WARN_COMMA = YES;
				CLANG_WARN_CONSTANT_CONVERSION = YES;
				CLANG_WARN_DEPRECATED_OBJC_IMPLEMENTATIONS = YES;
				CLANG_WARN_DIRECT_OBJC_ISA_USAGE = YES_ERROR;
				CLANG_WARN_DOCUMENTATION_COMMENTS = YES;
				CLANG_WARN_EMPTY_BODY = YES;
				CLANG_WARN_ENUM_CONVERSION = YES;
				CLANG_WARN_INFINITE_RECURSION = YES;
				CLANG_WARN_INT_CONVERSION = YES;
				CLANG_WARN_NON_LITERAL_NULL_CONVERSION = YES;
				CLANG_WARN_OBJC_IMPLICIT_RETAIN_SELF = YES;
				CLANG_WARN_OBJC_LITERAL_CONVERSION = YES;
				CLANG_WARN_OBJC_ROOT_CLASS = YES_ERROR;
				CLANG_WARN_QUOTED_INCLUDE_IN_FRAMEWORK_HEADER = YES;
				CLANG_WARN_RANGE_LOOP_ANALYSIS = YES;
				CLANG_WARN_STRICT_PROTOTYPES = YES;
				CLANG_WARN_SUSPICIOUS_MOVE = YES;
				CLANG_WARN_UNGUARDED_AVAILABILITY = YES_AGGRESSIVE;
				CLANG_WARN_UNREACHABLE_CODE = YES;
				CLANG_WARN__DUPLICATE_METHOD_MATCH = YES;
				COPY_PHASE_STRIP = NO;
				DEBUG_INFORMATION_FORMAT = dwarf;
				ENABLE_STRICT_OBJC_MSGSEND = YES;
				ENABLE_TESTABILITY = YES;
				ENABLE_USER_SCRIPT_SANDBOXING = YES;
				GCC_C_LANGUAGE_STANDARD = gnu17;
				GCC_DYNAMIC_NO_PIC = NO;
				GCC_NO_COMMON_BLOCKS = YES;
				GCC_OPTIMIZATION_LEVEL = 0;
				GCC_PREPROCESSOR_DEFINITIONS = (
					"DEBUG=1",
					"$(inherited)",
				);
				GCC_WARN_64_TO_32_BIT_CONVERSION = YES;
				GCC_WARN_ABOUT_RETURN_TYPE = YES_ERROR;
				GCC_WARN_UNDECLARED_SELECTOR = YES;
				GCC_WARN_UNINITIALIZED_AUTOS = YES_AGGRESSIVE;
				GCC_WARN_UNUSED_FUNCTION = YES;
				GCC_WARN_UNUSED_VARIABLE = YES;
				LOCALIZATION_PREFERS_STRING_CATALOGS = YES;
				MTL_ENABLE_DEBUG_INFO = INCLUDE_SOURCE;
				MTL_FAST_MATH = YES;
				ONLY_ACTIVE_ARCH = YES;
				SDKROOT = xros;
				SWIFT_ACTIVE_COMPILATION_CONDITIONS = "DEBUG $(inherited)";
				SWIFT_OPTIMIZATION_LEVEL = "-Onone";
				XROS_DEPLOYMENT_TARGET = 1.0;
			};
			name = Debug;
		};
		A76180BE2AAB927900B4FF27 /* Release */ = {
			isa = XCBuildConfiguration;
			buildSettings = {
				ALWAYS_SEARCH_USER_PATHS = NO;
				ASSETCATALOG_COMPILER_GENERATE_SWIFT_ASSET_SYMBOL_EXTENSIONS = YES;
				CLANG_ANALYZER_NONNULL = YES;
				CLANG_ANALYZER_NUMBER_OBJECT_CONVERSION = YES_AGGRESSIVE;
				CLANG_CXX_LANGUAGE_STANDARD = "gnu++20";
				CLANG_ENABLE_MODULES = YES;
				CLANG_ENABLE_OBJC_ARC = YES;
				CLANG_ENABLE_OBJC_WEAK = YES;
				CLANG_WARN_BLOCK_CAPTURE_AUTORELEASING = YES;
				CLANG_WARN_BOOL_CONVERSION = YES;
				CLANG_WARN_COMMA = YES;
				CLANG_WARN_CONSTANT_CONVERSION = YES;
				CLANG_WARN_DEPRECATED_OBJC_IMPLEMENTATIONS = YES;
				CLANG_WARN_DIRECT_OBJC_ISA_USAGE = YES_ERROR;
				CLANG_WARN_DOCUMENTATION_COMMENTS = YES;
				CLANG_WARN_EMPTY_BODY = YES;
				CLANG_WARN_ENUM_CONVERSION = YES;
				CLANG_WARN_INFINITE_RECURSION = YES;
				CLANG_WARN_INT_CONVERSION = YES;
				CLANG_WARN_NON_LITERAL_NULL_CONVERSION = YES;
				CLANG_WARN_OBJC_IMPLICIT_RETAIN_SELF = YES;
				CLANG_WARN_OBJC_LITERAL_CONVERSION = YES;
				CLANG_WARN_OBJC_ROOT_CLASS = YES_ERROR;
				CLANG_WARN_QUOTED_INCLUDE_IN_FRAMEWORK_HEADER = YES;
				CLANG_WARN_RANGE_LOOP_ANALYSIS = YES;
				CLANG_WARN_STRICT_PROTOTYPES = YES;
				CLANG_WARN_SUSPICIOUS_MOVE = YES;
				CLANG_WARN_UNGUARDED_AVAILABILITY = YES_AGGRESSIVE;
				CLANG_WARN_UNREACHABLE_CODE = YES;
				CLANG_WARN__DUPLICATE_METHOD_MATCH = YES;
				COPY_PHASE_STRIP = NO;
				DEBUG_INFORMATION_FORMAT = "dwarf-with-dsym";
				ENABLE_NS_ASSERTIONS = NO;
				ENABLE_STRICT_OBJC_MSGSEND = YES;
				ENABLE_USER_SCRIPT_SANDBOXING = YES;
				GCC_C_LANGUAGE_STANDARD = gnu17;
				GCC_NO_COMMON_BLOCKS = YES;
				GCC_WARN_64_TO_32_BIT_CONVERSION = YES;
				GCC_WARN_ABOUT_RETURN_TYPE = YES_ERROR;
				GCC_WARN_UNDECLARED_SELECTOR = YES;
				GCC_WARN_UNINITIALIZED_AUTOS = YES_AGGRESSIVE;
				GCC_WARN_UNUSED_FUNCTION = YES;
				GCC_WARN_UNUSED_VARIABLE = YES;
				LOCALIZATION_PREFERS_STRING_CATALOGS = YES;
				MTL_ENABLE_DEBUG_INFO = NO;
				MTL_FAST_MATH = YES;
				SDKROOT = xros;
				SWIFT_COMPILATION_MODE = wholemodule;
				VALIDATE_PRODUCT = YES;
				XROS_DEPLOYMENT_TARGET = 1.0;
			};
			name = Release;
		};
		A76180C02AAB927900B4FF27 /* Debug */ = {
			isa = XCBuildConfiguration;
			buildSettings = {
				ASSETCATALOG_COMPILER_APPICON_NAME = AppIcon;
				ASSETCATALOG_COMPILER_GLOBAL_ACCENT_COLOR_NAME = AccentColor;
				CODE_SIGN_STYLE = Automatic;
				CURRENT_PROJECT_VERSION = 1;
				DEVELOPMENT_TEAM = LYG6796H6N;
				ENABLE_PREVIEWS = YES;
				GENERATE_INFOPLIST_FILE = YES;
				INFOPLIST_FILE = "$(TARGET_NAME)/Resources/Info.plist";
				INFOPLIST_KEY_CFBundleDisplayName = "Cloudy Vision";
				LD_RUNPATH_SEARCH_PATHS = (
					"$(inherited)",
					"@executable_path/Frameworks",
				);
				MARKETING_VERSION = 1.0;
				PRODUCT_BUNDLE_IDENTIFIER = fr.valentinperignon.CloudyVision;
				PRODUCT_NAME = "$(TARGET_NAME)";
				SUPPORTED_PLATFORMS = "xros xrsimulator";
				SWIFT_EMIT_LOC_STRINGS = YES;
				SWIFT_VERSION = 5.0;
				TARGETED_DEVICE_FAMILY = "1,2,7";
			};
			name = Debug;
		};
		A76180C12AAB927900B4FF27 /* Release */ = {
			isa = XCBuildConfiguration;
			buildSettings = {
				ASSETCATALOG_COMPILER_APPICON_NAME = AppIcon;
				ASSETCATALOG_COMPILER_GLOBAL_ACCENT_COLOR_NAME = AccentColor;
				CODE_SIGN_STYLE = Automatic;
				CURRENT_PROJECT_VERSION = 1;
				DEVELOPMENT_TEAM = LYG6796H6N;
				ENABLE_PREVIEWS = YES;
				GENERATE_INFOPLIST_FILE = YES;
				INFOPLIST_FILE = "$(TARGET_NAME)/Resources/Info.plist";
				INFOPLIST_KEY_CFBundleDisplayName = "Cloudy Vision";
				LD_RUNPATH_SEARCH_PATHS = (
					"$(inherited)",
					"@executable_path/Frameworks",
				);
				MARKETING_VERSION = 1.0;
				PRODUCT_BUNDLE_IDENTIFIER = fr.valentinperignon.CloudyVision;
				PRODUCT_NAME = "$(TARGET_NAME)";
				SUPPORTED_PLATFORMS = "xros xrsimulator";
				SWIFT_EMIT_LOC_STRINGS = YES;
				SWIFT_VERSION = 5.0;
				TARGETED_DEVICE_FAMILY = "1,2,7";
			};
			name = Release;
		};
/* End XCBuildConfiguration section */

/* Begin XCConfigurationList section */
		A76180A72AAB927800B4FF27 /* Build configuration list for PBXProject "CloudyVision" */ = {
			isa = XCConfigurationList;
			buildConfigurations = (
				A76180BD2AAB927900B4FF27 /* Debug */,
				A76180BE2AAB927900B4FF27 /* Release */,
			);
			defaultConfigurationIsVisible = 0;
			defaultConfigurationName = Release;
		};
		A76180BF2AAB927900B4FF27 /* Build configuration list for PBXNativeTarget "CloudyVision" */ = {
			isa = XCConfigurationList;
			buildConfigurations = (
				A76180C02AAB927900B4FF27 /* Debug */,
				A76180C12AAB927900B4FF27 /* Release */,
			);
			defaultConfigurationIsVisible = 0;
			defaultConfigurationName = Release;
		};
/* End XCConfigurationList section */

/* Begin XCSwiftPackageProductDependency section */
		A76180CC2AABAD5E00B4FF27 /* CVCore */ = {
			isa = XCSwiftPackageProductDependency;
			productName = CVCore;
		};
/* End XCSwiftPackageProductDependency section */
	};
	rootObject = A76180A42AAB927800B4FF27 /* Project object */;
}
